
Microsoft Visual Studio Solution File, Format Version 12.00
# Visual Studio 15
Project("{FAE04EC0-301F-11D3-BF4B-00C04F79EFBC}") = "TwoWordNameAbbreviation", "TwoWordNameAbbreviation.csproj", "{B94C3E9B-4915-4305-80BF-E3556CAE7921}"
EndProject
Project("{FAE04EC0-301F-11D3-BF4B-00C04F79EFBC}") = "TwoWordNameAbbreviation.Tests", "TwoWordNameAbbreviation.Tests\TwoWordNameAbbreviation.Tests.csproj", "{C8D20D05-46CC-4AD6-B23D-0D2F86EB9107}"
EndProject
Global
	GlobalSection(SolutionConfigurationPlatforms) = preSolution
		Debug|Any CPU = Debug|Any CPU
		Release|Any CPU = Release|Any CPU
	EndGlobalSection
	GlobalSection(ProjectConfigurationPlatforms) = postSolution
		{B94C3E9B-4915-4305-80BF-E3556CAE7921}.Debug|Any CPU.ActiveCfg = Debug|Any CPU
		{B94C3E9B-4915-4305-80BF-E3556CAE7921}.Debug|Any CPU.Build.0 = Debug|Any CPU
		{B94C3E9B-4915-4305-80BF-E3556CAE7921}.Release|Any CPU.ActiveCfg = Release|Any CPU
		{B94C3E9B-4915-4305-80BF-E3556CAE7921}.Release|Any CPU.Build.0 = Release|Any CPU
		{C8D20D05-46CC-4AD6-B23D-0D2F86EB9107}.Debug|Any CPU.ActiveCfg = Debug|Any CPU
		{C8D20D05-46CC-4AD6-B23D-0D2F86EB9107}.Debug|Any CPU.Build.0 = Debug|Any CPU
		{C8D20D05-46CC-4AD6-B23D-0D2F86EB9107}.Release|Any CPU.ActiveCfg = Release|Any CPU
		{C8D20D05-46CC-4AD6-B23D-0D2F86EB9107}.Release|Any CPU.Build.0 = Release|Any CPU
	EndGlobalSection
EndGlobal
