
Microsoft Visual Studio Solution File, Format Version 12.00
Project("{FAE04EC0-301F-11D3-BF4B-00C04F79EFBC}") = "Meeting", "Meeting\Meeting.csproj", "{91336AC9-9314-4028-8B24-6FB542A11630}"
EndProject
Global
	GlobalSection(SolutionConfigurationPlatforms) = preSolution
		Debug|Any CPU = Debug|Any CPU
		Release|Any CPU = Release|Any CPU
	EndGlobalSection
	GlobalSection(ProjectConfigurationPlatforms) = postSolution
		{91336AC9-9314-4028-8B24-6FB542A11630}.Debug|Any CPU.ActiveCfg = Debug|Any CPU
		{91336AC9-9314-4028-8B24-6FB542A11630}.Debug|Any CPU.Build.0 = Debug|Any CPU
		{91336AC9-9314-4028-8B24-6FB542A11630}.Release|Any CPU.ActiveCfg = Release|Any CPU
		{91336AC9-9314-4028-8B24-6FB542A11630}.Release|Any CPU.Build.0 = Release|Any CPU
	EndGlobalSection
EndGlobal
